github.com/pkg/errors v0.9.1 h1:FEBLx1zS214owpjy7qsBeixbURkuhQAwrK5UwLGTwt4=
github.com/pkg/errors v0.9.1/go.mod h1:bwawxfHBFNV+L2hUp1rHADufV3IMtnDRdf1r5NINEl0=
github.com/streamwest-1629/convertobject v0.0.0-20210824060456-77502a079685 h1:sS43+4O/8FT3uyKAguZ+dZSlPhUn11Psw2uXW2qqxtU=
github.com/streamwest-1629/convertobject v0.0.0-20210824060456-77502a079685/go.mod h1:EwxCn+MkHu5S8JaWByWQNIstASoIGDoipnK8ktFmTzA=
github.com/streamwest-1629/textfilter v0.0.0-20210824065013-bc81e4330144 h1:pjMGQFgnUkg9fH2RTQxZ945K5S9Pf1BkKBHimyjDKdI=
github.com/streamwest-1629/textfilter v0.0.0-20210824065013-bc81e4330144/go.mod h1:Q6/64TDWYaVw4m/zl8QP36rvh4SEGWG09/ezIO0PANI=
github.com/streamwest-1629/textfilter v0.0.0-20210824112718-3a5b7a81ce44 h1:BxyK8xPM2J6VyFShSkVjieqe9tLMFgHrtV9Gn0EnPf0=
github.com/streamwest-1629/textfilter v0.0.0-20210824112718-3a5b7a81ce44/go.mod h1:Q6/64TDWYaVw4m/zl8QP36rvh4SEGWG09/ezIO0PANI=
