github.com/creack/goselect v0.1.2 h1:2DNy14+JPjRBgPzAd1thbQp4BSIihxcBf0IXhQXDRa0=
github.com/creack/goselect v0.1.2/go.mod h1:a/NhLweNvqIYMuxcMOuWY516Cimucms3DglDzQP3hKY=
github.com/davecgh/go-spew v1.1.0/go.mod h1:J7Y8YcW2NihsgmVo/mv3lAwl/skON4iLHjSsI+c5H38=
github.com/pkg/errors v0.9.1 h1:FEBLx1zS214owpjy7qsBeixbURkuhQAwrK5UwLGTwt4=
github.com/pkg/errors v0.9.1/go.mod h1:bwawxfHBFNV+L2hUp1rHADufV3IMtnDRdf1r5NINEl0=
github.com/pmezard/go-difflib v1.0.0/go.mod h1:iKH77koFhYxTK1pcRnkKkqfTogsbg7gZNVY4sRDYZ/4=
github.com/streamwest-1629/convertobject v0.0.0-20210824060456-77502a079685 h1:sS43+4O/8FT3uyKAguZ+dZSlPhUn11Psw2uXW2qqxtU=
github.com/streamwest-1629/convertobject v0.0.0-20210824060456-77502a079685/go.mod h1:EwxCn+MkHu5S8JaWByWQNIstASoIGDoipnK8ktFmTzA=
github.com/streamwest-1629/convertobject v0.0.0-20210826020258-07cb96ede0ef h1:Y8njr16R83Qd6w0W31sGdT0SE/npSGeiEZPDAvaaVqg=
github.com/streamwest-1629/convertobject v0.0.0-20210826020258-07cb96ede0ef/go.mod h1:EwxCn+MkHu5S8JaWByWQNIstASoIGDoipnK8ktFmTzA=
github.com/streamwest-1629/convertobject v0.0.0-20210826022037-a9ee640bdaf5 h1:L/rvkwh7S8DbB0P94OyKrcOqsWRQbp8B14/NqJGFyic=
github.com/streamwest-1629/convertobject v0.0.0-20210826022037-a9ee640bdaf5/go.mod h1:EwxCn+MkHu5S8JaWByWQNIstASoIGDoipnK8ktFmTzA=
github.com/streamwest-1629/convertobject v0.0.0-20210826030709-4063dfe825da h1:l0soxepTsMogoNd6xpmHkCN9ZLY8OKplYtPe4nXPDno=
github.com/streamwest-1629/convertobject v0.0.0-20210826030709-4063dfe825da/go.mod h1:EwxCn+MkHu5S8JaWByWQNIstASoIGDoipnK8ktFmTzA=
github.com/streamwest-1629/textfilter v0.0.0-20210825062544-80d7ba6b38e5 h1:wXPd1+lSYbMcbLgIgqkvGxNOwR+/bCr9VtsJMogaWu8=
github.com/streamwest-1629/textfilter v0.0.0-20210825062544-80d7ba6b38e5/go.mod h1:Q6/64TDWYaVw4m/zl8QP36rvh4SEGWG09/ezIO0PANI=
github.com/stretchr/objx v0.1.0/go.mod h1:HFkY916IF+rwdDfMAkV7OtwuqBVzrE8GR6GFx+wExME=
github.com/stretchr/testify v1.4.0/go.mod h1:j7eGeouHqKxXV5pUuKE4zz7dFj8WfuZ+81PSLYec5m4=
go.bug.st/serial v1.3.1 h1:ziLU+w7RzBZKMGacM/6iY6P7bhxsoyaoVLWcfAdt6w4=
go.bug.st/serial v1.3.1/go.mod h1:8TT7u/SwwNIpJ8QaG4s+HTjFt9ReXs2cdOU7ZEk50Dk=
golang.org/x/sys v0.0.0-20200909081042-eff7692f9009 h1:W0lCpv29Hv0UaM1LXb9QlBHLNP8UFfcKjblhVCWftOM=
golang.org/x/sys v0.0.0-20200909081042-eff7692f9009/go.mod h1:h1NjWce9XRLGQEsW7wpKNCjG9DtNlClVuFLEZdDNbEs=
gopkg.in/check.v1 v0.0.0-20161208181325-20d25e280405 h1:yhCVgyC4o1eVCa2tZl7eS0r+SDo693bJlVdllGtEeKM=
gopkg.in/check.v1 v0.0.0-20161208181325-20d25e280405/go.mod h1:Co6ibVJAznAaIkqp8huTwlJQCZ016jof/cbN4VW5Yz0=
gopkg.in/yaml.v2 v2.2.2/go.mod h1:hI93XBmqTisBFMUTm0b8Fm+jr3Dg1NNxqwp+5A1VGuI=
gopkg.in/yaml.v3 v3.0.0-20210107192922-496545a6307b h1:h8qDotaEPuJATrMmW04NCwg7v22aHH28wwpauUhK9Oo=
gopkg.in/yaml.v3 v3.0.0-20210107192922-496545a6307b/go.mod h1:K4uyk7z7BCEPqu6E+C64Yfv1cQ7kz7rIZviUmN+EgEM=
