github.com/pkg/errors v0.9.1 h1:FEBLx1zS214owpjy7qsBeixbURkuhQAwrK5UwLGTwt4=
github.com/pkg/errors v0.9.1/go.mod h1:bwawxfHBFNV+L2hUp1rHADufV3IMtnDRdf1r5NINEl0=
github.com/streamwest-1629/convertobject v0.0.0-20210824052619-aed184c11097 h1:NNFBDRlLDhwiknA6BzbvHZNPLfv7/BlWay/I4908s14=
github.com/streamwest-1629/convertobject v0.0.0-20210824052619-aed184c11097/go.mod h1:EwxCn+MkHu5S8JaWByWQNIstASoIGDoipnK8ktFmTzA=
github.com/streamwest-1629/textfilter v0.0.0-20210822001714-e4dccd31c159 h1:bDoPVEEA9sUhwuS/xhXp22vF/7sZXFlcRClmJlWIBXU=
github.com/streamwest-1629/textfilter v0.0.0-20210822001714-e4dccd31c159/go.mod h1:Q6/64TDWYaVw4m/zl8QP36rvh4SEGWG09/ezIO0PANI=
